
Microsoft Visual Studio Solution File, Format Version 12.00
# Visual Studio Version 17
VisualStudioVersion = 17.12.35527.113
MinimumVisualStudioVersion = 10.0.40219.1
Project("{FAE04EC0-301F-11D3-BF4B-00C04F79EFBC}") = "API", "Basarsoft_Clean\API.csproj", "{F08FD667-071C-468C-8FF7-AE43C7E39DAF}"
EndProject
Project("{FAE04EC0-301F-11D3-BF4B-00C04F79EFBC}") = "MapViewer", "MapViewer\MapViewer.csproj", "{EA380331-7050-4247-93A5-D17CCF9254E5}"
EndProject
Global
	GlobalSection(SolutionConfigurationPlatforms) = preSolution
		Debug|Any CPU = Debug|Any CPU
		Release|Any CPU = Release|Any CPU
	EndGlobalSection
	GlobalSection(ProjectConfigurationPlatforms) = postSolution
		{F08FD667-071C-468C-8FF7-AE43C7E39DAF}.Debug|Any CPU.ActiveCfg = Debug|Any CPU
		{F08FD667-071C-468C-8FF7-AE43C7E39DAF}.Debug|Any CPU.Build.0 = Debug|Any CPU
		{F08FD667-071C-468C-8FF7-AE43C7E39DAF}.Release|Any CPU.ActiveCfg = Release|Any CPU
		{F08FD667-071C-468C-8FF7-AE43C7E39DAF}.Release|Any CPU.Build.0 = Release|Any CPU
		{EA380331-7050-4247-93A5-D17CCF9254E5}.Debug|Any CPU.ActiveCfg = Debug|Any CPU
		{EA380331-7050-4247-93A5-D17CCF9254E5}.Debug|Any CPU.Build.0 = Debug|Any CPU
		{EA380331-7050-4247-93A5-D17CCF9254E5}.Release|Any CPU.ActiveCfg = Release|Any CPU
		{EA380331-7050-4247-93A5-D17CCF9254E5}.Release|Any CPU.Build.0 = Release|Any CPU
	EndGlobalSection
	GlobalSection(SolutionProperties) = preSolution
		HideSolutionNode = FALSE
	EndGlobalSection
EndGlobal
